// !$*UTF8*$!
{
	archiveVersion = 1;
	classes = {
	};
	objectVersion = 56;
	objects = {

/* Begin PBXBuildFile section */
		170D7F6E2920009700D86791 /* README.md in Resources */ = {isa = PBXBuildFile; fileRef = 170D7F6D2920009700D86791 /* README.md */; };
		171EA2F928E2E1CA000C9327 /* ChuckNorrisJokesApp.swift in Sources */ = {isa = PBXBuildFile; fileRef = 171EA2F828E2E1CA000C9327 /* ChuckNorrisJokesApp.swift */; };
		171EA2FB28E2E1CA000C9327 /* TabBarView.swift in Sources */ = {isa = PBXBuildFile; fileRef = 171EA2FA28E2E1CA000C9327 /* TabBarView.swift */; };
		171EA2FD28E2E1CC000C9327 /* Assets.xcassets in Resources */ = {isa = PBXBuildFile; fileRef = 171EA2FC28E2E1CC000C9327 /* Assets.xcassets */; };
		171EA30028E2E1CC000C9327 /* Preview Assets.xcassets in Resources */ = {isa = PBXBuildFile; fileRef = 171EA2FF28E2E1CC000C9327 /* Preview Assets.xcassets */; };
		171EA30728E2E1E9000C9327 /* JokesModel.swift in Sources */ = {isa = PBXBuildFile; fileRef = 171EA30628E2E1E9000C9327 /* JokesModel.swift */; };
		171EA30B28E2E523000C9327 /* JokeView.swift in Sources */ = {isa = PBXBuildFile; fileRef = 171EA30A28E2E523000C9327 /* JokeView.swift */; };
		171EA30D28E2EFF3000C9327 /* GithubView.swift in Sources */ = {isa = PBXBuildFile; fileRef = 171EA30C28E2EFF3000C9327 /* GithubView.swift */; };
		171EA30F28E2F047000C9327 /* GithubModel.swift in Sources */ = {isa = PBXBuildFile; fileRef = 171EA30E28E2F047000C9327 /* GithubModel.swift */; };
/* End PBXBuildFile section */

/* Begin PBXFileReference section */
		170D7F6D2920009700D86791 /* README.md */ = {isa = PBXFileReference; fileEncoding = 4; lastKnownFileType = net.daringfireball.markdown; path = README.md; sourceTree = "<group>"; };
		171EA2F528E2E1CA000C9327 /* ChuckNorrisJokes.app */ = {isa = PBXFileReference; explicitFileType = wrapper.application; includeInIndex = 0; path = ChuckNorrisJokes.app; sourceTree = BUILT_PRODUCTS_DIR; };
		171EA2F828E2E1CA000C9327 /* ChuckNorrisJokesApp.swift */ = {isa = PBXFileReference; lastKnownFileType = sourcecode.swift; path = ChuckNorrisJokesApp.swift; sourceTree = "<group>"; };
		171EA2FA28E2E1CA000C9327 /* TabBarView.swift */ = {isa = PBXFileReference; lastKnownFileType = sourcecode.swift; path = TabBarView.swift; sourceTree = "<group>"; };
		171EA2FC28E2E1CC000C9327 /* Assets.xcassets */ = {isa = PBXFileReference; lastKnownFileType = folder.assetcatalog; path = Assets.xcassets; sourceTree = "<group>"; };
		171EA2FF28E2E1CC000C9327 /* Preview Assets.xcassets */ = {isa = PBXFileReference; lastKnownFileType = folder.assetcatalog; path = "Preview Assets.xcassets"; sourceTree = "<group>"; };
		171EA30628E2E1E9000C9327 /* JokesModel.swift */ = {isa = PBXFileReference; lastKnownFileType = sourcecode.swift; path = JokesModel.swift; sourceTree = "<group>"; };
		171EA30A28E2E523000C9327 /* JokeView.swift */ = {isa = PBXFileReference; lastKnownFileType = sourcecode.swift; path = JokeView.swift; sourceTree = "<group>"; };
		171EA30C28E2EFF3000C9327 /* GithubView.swift */ = {isa = PBXFileReference; lastKnownFileType = sourcecode.swift; path = GithubView.swift; sourceTree = "<group>"; };
		171EA30E28E2F047000C9327 /* GithubModel.swift */ = {isa = PBXFileReference; lastKnownFileType = sourcecode.swift; path = GithubModel.swift; sourceTree = "<group>"; };
/* End PBXFileReference section */

/* Begin PBXFrameworksBuildPhase section */
		171EA2F228E2E1CA000C9327 /* Frameworks */ = {
			isa = PBXFrameworksBuildPhase;
			buildActionMask = 2147483647;
			files = (
			);
			runOnlyForDeploymentPostprocessing = 0;
		};
/* End PBXFrameworksBuildPhase section */

/* Begin PBXGroup section */
		171EA2EC28E2E1CA000C9327 = {
			isa = PBXGroup;
			children = (
				170D7F6D2920009700D86791 /* README.md */,
				171EA2F728E2E1CA000C9327 /* ChuckNorrisJokes */,
				171EA2F628E2E1CA000C9327 /* Products */,
			);
			sourceTree = "<group>";
		};
		171EA2F628E2E1CA000C9327 /* Products */ = {
			isa = PBXGroup;
			children = (
				171EA2F528E2E1CA000C9327 /* ChuckNorrisJokes.app */,
			);
			name = Products;
			sourceTree = "<group>";
		};
		171EA2F728E2E1CA000C9327 /* ChuckNorrisJokes */ = {
			isa = PBXGroup;
			children = (
				171EA2F828E2E1CA000C9327 /* ChuckNorrisJokesApp.swift */,
				17B5F9B428E71FEE00DA64E2 /* Models */,
				17B5F9B528E71FFB00DA64E2 /* Views */,
				171EA2FC28E2E1CC000C9327 /* Assets.xcassets */,
				171EA2FE28E2E1CC000C9327 /* Preview Content */,
			);
			path = ChuckNorrisJokes;
			sourceTree = "<group>";
		};
		171EA2FE28E2E1CC000C9327 /* Preview Content */ = {
			isa = PBXGroup;
			children = (
				171EA2FF28E2E1CC000C9327 /* Preview Assets.xcassets */,
			);
			path = "Preview Content";
			sourceTree = "<group>";
		};
		17B5F9B428E71FEE00DA64E2 /* Models */ = {
			isa = PBXGroup;
			children = (
				171EA30628E2E1E9000C9327 /* JokesModel.swift */,
				171EA30E28E2F047000C9327 /* GithubModel.swift */,
			);
			path = Models;
			sourceTree = "<group>";
		};
		17B5F9B528E71FFB00DA64E2 /* Views */ = {
			isa = PBXGroup;
			children = (
				171EA2FA28E2E1CA000C9327 /* TabBarView.swift */,
				171EA30C28E2EFF3000C9327 /* GithubView.swift */,
				171EA30A28E2E523000C9327 /* JokeView.swift */,
			);
			path = Views;
			sourceTree = "<group>";
		};
/* End PBXGroup section */

/* Begin PBXNativeTarget section */
		171EA2F428E2E1CA000C9327 /* ChuckNorrisJokes */ = {
			isa = PBXNativeTarget;
			buildConfigurationList = 171EA30328E2E1CC000C9327 /* Build configuration list for PBXNativeTarget "ChuckNorrisJokes" */;
			buildPhases = (
				171EA2F128E2E1CA000C9327 /* Sources */,
				171EA2F228E2E1CA000C9327 /* Frameworks */,
				171EA2F328E2E1CA000C9327 /* Resources */,
			);
			buildRules = (
			);
			dependencies = (
			);
			name = ChuckNorrisJokes;
			productName = ChuckNorrisJokes;
			productReference = 171EA2F528E2E1CA000C9327 /* ChuckNorrisJokes.app */;
			productType = "com.apple.product-type.application";
		};
/* End PBXNativeTarget section */

/* Begin PBXProject section */
		171EA2ED28E2E1CA000C9327 /* Project object */ = {
			isa = PBXProject;
			attributes = {
				BuildIndependentTargetsInParallel = 1;
				LastSwiftUpdateCheck = 1400;
				LastUpgradeCheck = 1400;
				TargetAttributes = {
					171EA2F428E2E1CA000C9327 = {
						CreatedOnToolsVersion = 14.0;
					};
				};
			};
			buildConfigurationList = 171EA2F028E2E1CA000C9327 /* Build configuration list for PBXProject "ChuckNorrisJokes" */;
			compatibilityVersion = "Xcode 14.0";
			developmentRegion = en;
			hasScannedForEncodings = 0;
			knownRegions = (
				en,
				Base,
			);
			mainGroup = 171EA2EC28E2E1CA000C9327;
			productRefGroup = 171EA2F628E2E1CA000C9327 /* Products */;
			projectDirPath = "";
			projectRoot = "";
			targets = (
				171EA2F428E2E1CA000C9327 /* ChuckNorrisJokes */,
			);
		};
/* End PBXProject section */

/* Begin PBXResourcesBuildPhase section */
		171EA2F328E2E1CA000C9327 /* Resources */ = {
			isa = PBXResourcesBuildPhase;
			buildActionMask = 2147483647;
			files = (
				170D7F6E2920009700D86791 /* README.md in Resources */,
				171EA30028E2E1CC000C9327 /* Preview Assets.xcassets in Resources */,
				171EA2FD28E2E1CC000C9327 /* Assets.xcassets in Resources */,
			);
			runOnlyForDeploymentPostprocessing = 0;
		};
/* End PBXResourcesBuildPhase section */

/* Begin PBXSourcesBuildPhase section */
		171EA2F128E2E1CA000C9327 /* Sources */ = {
			isa = PBXSourcesBuildPhase;
			buildActionMask = 2147483647;
			files = (
				171EA30D28E2EFF3000C9327 /* GithubView.swift in Sources */,
				171EA30B28E2E523000C9327 /* JokeView.swift in Sources */,
				171EA30728E2E1E9000C9327 /* JokesModel.swift in Sources */,
				171EA2FB28E2E1CA000C9327 /* TabBarView.swift in Sources */,
				171EA30F28E2F047000C9327 /* GithubModel.swift in Sources */,
				171EA2F928E2E1CA000C9327 /* ChuckNorrisJokesApp.swift in Sources */,
			);
			runOnlyForDeploymentPostprocessing = 0;
		};
/* End PBXSourcesBuildPhase section */

/* Begin XCBuildConfiguration section */
		171EA30128E2E1CC000C9327 /* Debug */ = {
			isa = XCBuildConfiguration;
			buildSettings = {
				ALWAYS_SEARCH_USER_PATHS = NO;
				CLANG_ANALYZER_NONNULL = YES;
				CLANG_ANALYZER_NUMBER_OBJECT_CONVERSION = YES_AGGRESSIVE;
				CLANG_CXX_LANGUAGE_STANDARD = "gnu++20";
				CLANG_ENABLE_MODULES = YES;
				CLANG_ENABLE_OBJC_ARC = YES;
				CLANG_ENABLE_OBJC_WEAK = YES;
				CLANG_WARN_BLOCK_CAPTURE_AUTORELEASING = YES;
				CLANG_WARN_BOOL_CONVERSION = YES;
				CLANG_WARN_COMMA = YES;
				CLANG_WARN_CONSTANT_CONVERSION = YES;
				CLANG_WARN_DEPRECATED_OBJC_IMPLEMENTATIONS = YES;
				CLANG_WARN_DIRECT_OBJC_ISA_USAGE = YES_ERROR;
				CLANG_WARN_DOCUMENTATION_COMMENTS = YES;
				CLANG_WARN_EMPTY_BODY = YES;
				CLANG_WARN_ENUM_CONVERSION = YES;
				CLANG_WARN_INFINITE_RECURSION = YES;
				CLANG_WARN_INT_CONVERSION = YES;
				CLANG_WARN_NON_LITERAL_NULL_CONVERSION = YES;
				CLANG_WARN_OBJC_IMPLICIT_RETAIN_SELF = YES;
				CLANG_WARN_OBJC_LITERAL_CONVERSION = YES;
				CLANG_WARN_OBJC_ROOT_CLASS = YES_ERROR;
				CLANG_WARN_QUOTED_INCLUDE_IN_FRAMEWORK_HEADER = YES;
				CLANG_WARN_RANGE_LOOP_ANALYSIS = YES;
				CLANG_WARN_STRICT_PROTOTYPES = YES;
				CLANG_WARN_SUSPICIOUS_MOVE = YES;
				CLANG_WARN_UNGUARDED_AVAILABILITY = YES_AGGRESSIVE;
				CLANG_WARN_UNREACHABLE_CODE = YES;
				CLANG_WARN__DUPLICATE_METHOD_MATCH = YES;
				COPY_PHASE_STRIP = NO;
				DEBUG_INFORMATION_FORMAT = dwarf;
				ENABLE_STRICT_OBJC_MSGSEND = YES;
				ENABLE_TESTABILITY = YES;
				GCC_C_LANGUAGE_STANDARD = gnu11;
				GCC_DYNAMIC_NO_PIC = NO;
				GCC_NO_COMMON_BLOCKS = YES;
				GCC_OPTIMIZATION_LEVEL = 0;
				GCC_PREPROCESSOR_DEFINITIONS = (
					"DEBUG=1",
					"$(inherited)",
				);
				GCC_WARN_64_TO_32_BIT_CONVERSION = YES;
				GCC_WARN_ABOUT_RETURN_TYPE = YES_ERROR;
				GCC_WARN_UNDECLARED_SELECTOR = YES;
				GCC_WARN_UNINITIALIZED_AUTOS = YES_AGGRESSIVE;
				GCC_WARN_UNUSED_FUNCTION = YES;
				GCC_WARN_UNUSED_VARIABLE = YES;
				IPHONEOS_DEPLOYMENT_TARGET = 16.0;
				MTL_ENABLE_DEBUG_INFO = INCLUDE_SOURCE;
				MTL_FAST_MATH = YES;
				ONLY_ACTIVE_ARCH = YES;
				SDKROOT = iphoneos;
				SWIFT_ACTIVE_COMPILATION_CONDITIONS = DEBUG;
				SWIFT_OPTIMIZATION_LEVEL = "-Onone";
			};
			name = Debug;
		};
		171EA30228E2E1CC000C9327 /* Release */ = {
			isa = XCBuildConfiguration;
			buildSettings = {
				ALWAYS_SEARCH_USER_PATHS = NO;
				CLANG_ANALYZER_NONNULL = YES;
				CLANG_ANALYZER_NUMBER_OBJECT_CONVERSION = YES_AGGRESSIVE;
				CLANG_CXX_LANGUAGE_STANDARD = "gnu++20";
				CLANG_ENABLE_MODULES = YES;
				CLANG_ENABLE_OBJC_ARC = YES;
				CLANG_ENABLE_OBJC_WEAK = YES;
				CLANG_WARN_BLOCK_CAPTURE_AUTORELEASING = YES;
				CLANG_WARN_BOOL_CONVERSION = YES;
				CLANG_WARN_COMMA = YES;
				CLANG_WARN_CONSTANT_CONVERSION = YES;
				CLANG_WARN_DEPRECATED_OBJC_IMPLEMENTATIONS = YES;
				CLANG_WARN_DIRECT_OBJC_ISA_USAGE = YES_ERROR;
				CLANG_WARN_DOCUMENTATION_COMMENTS = YES;
				CLANG_WARN_EMPTY_BODY = YES;
				CLANG_WARN_ENUM_CONVERSION = YES;
				CLANG_WARN_INFINITE_RECURSION = YES;
				CLANG_WARN_INT_CONVERSION = YES;
				CLANG_WARN_NON_LITERAL_NULL_CONVERSION = YES;
				CLANG_WARN_OBJC_IMPLICIT_RETAIN_SELF = YES;
				CLANG_WARN_OBJC_LITERAL_CONVERSION = YES;
				CLANG_WARN_OBJC_ROOT_CLASS = YES_ERROR;
				CLANG_WARN_QUOTED_INCLUDE_IN_FRAMEWORK_HEADER = YES;
				CLANG_WARN_RANGE_LOOP_ANALYSIS = YES;
				CLANG_WARN_STRICT_PROTOTYPES = YES;
				CLANG_WARN_SUSPICIOUS_MOVE = YES;
				CLANG_WARN_UNGUARDED_AVAILABILITY = YES_AGGRESSIVE;
				CLANG_WARN_UNREACHABLE_CODE = YES;
				CLANG_WARN__DUPLICATE_METHOD_MATCH = YES;
				COPY_PHASE_STRIP = NO;
				DEBUG_INFORMATION_FORMAT = "dwarf-with-dsym";
				ENABLE_NS_ASSERTIONS = NO;
				ENABLE_STRICT_OBJC_MSGSEND = YES;
				GCC_C_LANGUAGE_STANDARD = gnu11;
				GCC_NO_COMMON_BLOCKS = YES;
				GCC_WARN_64_TO_32_BIT_CONVERSION = YES;
				GCC_WARN_ABOUT_RETURN_TYPE = YES_ERROR;
				GCC_WARN_UNDECLARED_SELECTOR = YES;
				GCC_WARN_UNINITIALIZED_AUTOS = YES_AGGRESSIVE;
				GCC_WARN_UNUSED_FUNCTION = YES;
				GCC_WARN_UNUSED_VARIABLE = YES;
				IPHONEOS_DEPLOYMENT_TARGET = 16.0;
				MTL_ENABLE_DEBUG_INFO = NO;
				MTL_FAST_MATH = YES;
				SDKROOT = iphoneos;
				SWIFT_COMPILATION_MODE = wholemodule;
				SWIFT_OPTIMIZATION_LEVEL = "-O";
				VALIDATE_PRODUCT = YES;
			};
			name = Release;
		};
		171EA30428E2E1CC000C9327 /* Debug */ = {
			isa = XCBuildConfiguration;
			buildSettings = {
				ASSETCATALOG_COMPILER_APPICON_NAME = AppIcon;
				ASSETCATALOG_COMPILER_GLOBAL_ACCENT_COLOR_NAME = AccentColor;
				CODE_SIGN_STYLE = Automatic;
				CURRENT_PROJECT_VERSION = 1;
				DEVELOPMENT_ASSET_PATHS = "\"ChuckNorrisJokes/Preview Content\"";
				DEVELOPMENT_TEAM = 8YR2KQ4MQ5;
				ENABLE_PREVIEWS = YES;
				GENERATE_INFOPLIST_FILE = YES;
				INFOPLIST_KEY_UIApplicationSceneManifest_Generation = YES;
				INFOPLIST_KEY_UIApplicationSupportsIndirectInputEvents = YES;
				INFOPLIST_KEY_UILaunchScreen_Generation = YES;
				INFOPLIST_KEY_UISupportedInterfaceOrientations_iPad = "UIInterfaceOrientationPortrait UIInterfaceOrientationPortraitUpsideDown UIInterfaceOrientationLandscapeLeft UIInterfaceOrientationLandscapeRight";
				INFOPLIST_KEY_UISupportedInterfaceOrientations_iPhone = "UIInterfaceOrientationPortrait UIInterfaceOrientationLandscapeLeft UIInterfaceOrientationLandscapeRight";
				LD_RUNPATH_SEARCH_PATHS = (
					"$(inherited)",
					"@executable_path/Frameworks",
				);
				MARKETING_VERSION = 1.0;
				PRODUCT_BUNDLE_IDENTIFIER = com.Tristan.ChuckNorrisJokes;
				PRODUCT_NAME = "$(TARGET_NAME)";
				SWIFT_EMIT_LOC_STRINGS = YES;
				SWIFT_VERSION = 5.0;
				TARGETED_DEVICE_FAMILY = "1,2";
			};
			name = Debug;
		};
		171EA30528E2E1CC000C9327 /* Release */ = {
			isa = XCBuildConfiguration;
			buildSettings = {
				ASSETCATALOG_COMPILER_APPICON_NAME = AppIcon;
				ASSETCATALOG_COMPILER_GLOBAL_ACCENT_COLOR_NAME = AccentColor;
				CODE_SIGN_STYLE = Automatic;
				CURRENT_PROJECT_VERSION = 1;
				DEVELOPMENT_ASSET_PATHS = "\"ChuckNorrisJokes/Preview Content\"";
				DEVELOPMENT_TEAM = 8YR2KQ4MQ5;
				ENABLE_PREVIEWS = YES;
				GENERATE_INFOPLIST_FILE = YES;
				INFOPLIST_KEY_UIApplicationSceneManifest_Generation = YES;
				INFOPLIST_KEY_UIApplicationSupportsIndirectInputEvents = YES;
				INFOPLIST_KEY_UILaunchScreen_Generation = YES;
				INFOPLIST_KEY_UISupportedInterfaceOrientations_iPad = "UIInterfaceOrientationPortrait UIInterfaceOrientationPortraitUpsideDown UIInterfaceOrientationLandscapeLeft UIInterfaceOrientationLandscapeRight";
				INFOPLIST_KEY_UISupportedInterfaceOrientations_iPhone = "UIInterfaceOrientationPortrait UIInterfaceOrientationLandscapeLeft UIInterfaceOrientationLandscapeRight";
				LD_RUNPATH_SEARCH_PATHS = (
					"$(inherited)",
					"@executable_path/Frameworks",
				);
				MARKETING_VERSION = 1.0;
				PRODUCT_BUNDLE_IDENTIFIER = com.Tristan.ChuckNorrisJokes;
				PRODUCT_NAME = "$(TARGET_NAME)";
				SWIFT_EMIT_LOC_STRINGS = YES;
				SWIFT_VERSION = 5.0;
				TARGETED_DEVICE_FAMILY = "1,2";
			};
			name = Release;
		};
/* End XCBuildConfiguration section */

/* Begin XCConfigurationList section */
		171EA2F028E2E1CA000C9327 /* Build configuration list for PBXProject "ChuckNorrisJokes" */ = {
			isa = XCConfigurationList;
			buildConfigurations = (
				171EA30128E2E1CC000C9327 /* Debug */,
				171EA30228E2E1CC000C9327 /* Release */,
			);
			defaultConfigurationIsVisible = 0;
			defaultConfigurationName = Release;
		};
		171EA30328E2E1CC000C9327 /* Build configuration list for PBXNativeTarget "ChuckNorrisJokes" */ = {
			isa = XCConfigurationList;
			buildConfigurations = (
				171EA30428E2E1CC000C9327 /* Debug */,
				171EA30528E2E1CC000C9327 /* Release */,
			);
			defaultConfigurationIsVisible = 0;
			defaultConfigurationName = Release;
		};
/* End XCConfigurationList section */
	};
	rootObject = 171EA2ED28E2E1CA000C9327 /* Project object */;
}
